
Microsoft Visual Studio Solution File, Format Version 12.00
# Visual Studio Version 17
VisualStudioVersion = 17.1.32228.430
MinimumVisualStudioVersion = 10.0.40219.1
Project("{9A19103F-16F7-4668-BE54-9A1E7A4F7556}") = "SchedulerControl", "SchedulerControl\SchedulerControl.csproj", "{0F403B88-D494-41EE-AEC9-C1C2F215FA7E}"
EndProject
Project("{9A19103F-16F7-4668-BE54-9A1E7A4F7556}") = "ScheduleControltest", "..\Lab2Zad2\Lab2Zad2\ScheduleControltest.csproj", "{B1A10A5D-A228-4D7E-AB30-5DB2737A4AB6}"
EndProject
Global
	GlobalSection(SolutionConfigurationPlatforms) = preSolution
		Debug|Any CPU = Debug|Any CPU
		Release|Any CPU = Release|Any CPU
	EndGlobalSection
	GlobalSection(ProjectConfigurationPlatforms) = postSolution
		{0F403B88-D494-41EE-AEC9-C1C2F215FA7E}.Debug|Any CPU.ActiveCfg = Debug|Any CPU
		{0F403B88-D494-41EE-AEC9-C1C2F215FA7E}.Debug|Any CPU.Build.0 = Debug|Any CPU
		{0F403B88-D494-41EE-AEC9-C1C2F215FA7E}.Release|Any CPU.ActiveCfg = Release|Any CPU
		{0F403B88-D494-41EE-AEC9-C1C2F215FA7E}.Release|Any CPU.Build.0 = Release|Any CPU
		{B1A10A5D-A228-4D7E-AB30-5DB2737A4AB6}.Debug|Any CPU.ActiveCfg = Debug|Any CPU
		{B1A10A5D-A228-4D7E-AB30-5DB2737A4AB6}.Debug|Any CPU.Build.0 = Debug|Any CPU
		{B1A10A5D-A228-4D7E-AB30-5DB2737A4AB6}.Release|Any CPU.ActiveCfg = Release|Any CPU
		{B1A10A5D-A228-4D7E-AB30-5DB2737A4AB6}.Release|Any CPU.Build.0 = Release|Any CPU
	EndGlobalSection
	GlobalSection(SolutionProperties) = preSolution
		HideSolutionNode = FALSE
	EndGlobalSection
	GlobalSection(ExtensibilityGlobals) = postSolution
		SolutionGuid = {0E893D97-0512-4160-BB12-4EEB1228965E}
	EndGlobalSection
EndGlobal
